
Microsoft Visual Studio Solution File, Format Version 12.00
# Visual Studio Version 16
VisualStudioVersion = 16.0.31112.23
MinimumVisualStudioVersion = 10.0.40219.1
Project("{FAE04EC0-301F-11D3-BF4B-00C04F79EFBC}") = "ITMO.APS.NET.DemoWebForms", "ITMO.ASP.NET.DemoWebForms\ITMO.APS.NET.DemoWebForms.csproj", "{13DF72AE-A678-4356-B359-14088FE13B50}"
EndProject
Project("{FAE04EC0-301F-11D3-BF4B-00C04F79EFBC}") = "ITMO.ASP.NET.DemoMVC", "ITMO.ASP.NET.DemoMVC\ITMO.ASP.NET.DemoMVC.csproj", "{F6B6CBF3-ED1B-42E2-B6ED-B7DFB99FF0B8}"
EndProject
Global
	GlobalSection(SolutionConfigurationPlatforms) = preSolution
		Debug|Any CPU = Debug|Any CPU
		Release|Any CPU = Release|Any CPU
	EndGlobalSection
	GlobalSection(ProjectConfigurationPlatforms) = postSolution
		{13DF72AE-A678-4356-B359-14088FE13B50}.Debug|Any CPU.ActiveCfg = Debug|Any CPU
		{13DF72AE-A678-4356-B359-14088FE13B50}.Debug|Any CPU.Build.0 = Debug|Any CPU
		{13DF72AE-A678-4356-B359-14088FE13B50}.Release|Any CPU.ActiveCfg = Release|Any CPU
		{13DF72AE-A678-4356-B359-14088FE13B50}.Release|Any CPU.Build.0 = Release|Any CPU
		{F6B6CBF3-ED1B-42E2-B6ED-B7DFB99FF0B8}.Debug|Any CPU.ActiveCfg = Debug|Any CPU
		{F6B6CBF3-ED1B-42E2-B6ED-B7DFB99FF0B8}.Debug|Any CPU.Build.0 = Debug|Any CPU
		{F6B6CBF3-ED1B-42E2-B6ED-B7DFB99FF0B8}.Release|Any CPU.ActiveCfg = Release|Any CPU
		{F6B6CBF3-ED1B-42E2-B6ED-B7DFB99FF0B8}.Release|Any CPU.Build.0 = Release|Any CPU
	EndGlobalSection
	GlobalSection(SolutionProperties) = preSolution
		HideSolutionNode = FALSE
	EndGlobalSection
	GlobalSection(ExtensibilityGlobals) = postSolution
		SolutionGuid = {89781F3E-1C49-4377-8BCD-66367DBAF0CE}
	EndGlobalSection
EndGlobal
